hash: bc14f62f045c2a3c9b0cf12a9461ab7228ad0de7b129f5c0e6d4fe4b186f50d0
updated: 2017-07-22T14:15:41.320809734+09:00
imports:
- name: github.com/garyburd/go-oauth
  version: 166ce8d672783fbb5a72247c3cf459267717e1ec
  subpackages:
  - examples/session
  - oauth
- name: github.com/google/go-querystring
  version: 53e6ce116135b80d037921a7fdd5138cf32d7a8a
testImports: []
