# This file is autogenerated, do not edit; changes may be undone by the next 'dep ensure'.


[[projects]]
  branch = "master"
  name = "github.com/garyburd/go-oauth"
  packages = ["examples/session","oauth"]
  revision = "c20bd6231dc6c8d00f72a79fb679e8caa1316212"

[solve-meta]
  analyzer-name = "dep"
  analyzer-version = 1
  inputs-digest = "b3358b45cc6eaeaa9cc590ee82c917758bfad27ba32d29e5903b91c627836b8a"
  solver-name = "gps-cdcl"
  solver-version = 1
